
Microsoft Visual Studio Solution File, Format Version 12.00
# Visual Studio Version 16
VisualStudioVersion = 16.0.29102.190
MinimumVisualStudioVersion = 10.0.40219.1
Project("{FAE04EC0-301F-11D3-BF4B-00C04F79EFBC}") = "SteveTextAdventure", "SteveTextAdventure.csproj", "{8A743949-AC6C-4AFD-A2DC-7057A6F715B6}"
EndProject
Global
	GlobalSection(SolutionConfigurationPlatforms) = preSolution
		Debug|Any CPU = Debug|Any CPU
		Release|Any CPU = Release|Any CPU
	EndGlobalSection
	GlobalSection(ProjectConfigurationPlatforms) = postSolution
		{8A743949-AC6C-4AFD-A2DC-7057A6F715B6}.Debug|Any CPU.ActiveCfg = Debug|Any CPU
		{8A743949-AC6C-4AFD-A2DC-7057A6F715B6}.Debug|Any CPU.Build.0 = Debug|Any CPU
		{8A743949-AC6C-4AFD-A2DC-7057A6F715B6}.Release|Any CPU.ActiveCfg = Release|Any CPU
		{8A743949-AC6C-4AFD-A2DC-7057A6F715B6}.Release|Any CPU.Build.0 = Release|Any CPU
	EndGlobalSection
	GlobalSection(SolutionProperties) = preSolution
		HideSolutionNode = FALSE
	EndGlobalSection
	GlobalSection(ExtensibilityGlobals) = postSolution
		SolutionGuid = {738924A3-47F9-432F-B175-9C21E0CEE273}
	EndGlobalSection
EndGlobal
